
Microsoft Visual Studio Solution File, Format Version 12.00
# Visual Studio 15
VisualStudioVersion = 15.0.27703.2035
MinimumVisualStudioVersion = 10.0.40219.1
Project("{9A19103F-16F7-4668-BE54-9A1E7A4F7556}") = "RestaurantBilling.Core", "RestaurantBilling.Core\RestaurantBilling.Core.csproj", "{D0E2068C-10AC-431D-86FB-5052ABB95A79}"
EndProject
Project("{FAE04EC0-301F-11D3-BF4B-00C04F79EFBC}") = "RestaurantBilling.UI.Android", "RestaurantBilling.UI\RestaurantBilling.UI\RestaurantBilling.UI.Android\RestaurantBilling.UI.Android.csproj", "{DF6F13FD-4396-4742-9853-47465FC0A025}"
EndProject
Project("{FAE04EC0-301F-11D3-BF4B-00C04F79EFBC}") = "RestaurantBilling.UI.iOS", "RestaurantBilling.UI\RestaurantBilling.UI\RestaurantBilling.UI.iOS\RestaurantBilling.UI.iOS.csproj", "{0FFFBB7D-FF2B-4A1C-AEF6-212490C060DB}"
EndProject
Project("{FAE04EC0-301F-11D3-BF4B-00C04F79EFBC}") = "RestaurantBilling.UI.UWP", "RestaurantBilling.UI\RestaurantBilling.UI\RestaurantBilling.UI.UWP\RestaurantBilling.UI.UWP.csproj", "{C63F8F04-8548-4CDC-8A3F-C58A3278D0E1}"
EndProject
Project("{D954291E-2A0B-460D-934E-DC6B0785DB48}") = "RestaurantBilling.UI", "RestaurantBilling.UI\RestaurantBilling.UI\RestaurantBilling.UI\RestaurantBilling.UI.shproj", "{B1DC3814-E07E-4CC1-864D-2A3C9CC08FBE}"
EndProject
Global
	GlobalSection(SharedMSBuildProjectFiles) = preSolution
		RestaurantBilling.UI\RestaurantBilling.UI\RestaurantBilling.UI\RestaurantBilling.UI.projitems*{0fffbb7d-ff2b-4a1c-aef6-212490c060db}*SharedItemsImports = 4
		RestaurantBilling.UI\RestaurantBilling.UI\RestaurantBilling.UI\RestaurantBilling.UI.projitems*{b1dc3814-e07e-4cc1-864d-2a3c9cc08fbe}*SharedItemsImports = 13
		RestaurantBilling.UI\RestaurantBilling.UI\RestaurantBilling.UI\RestaurantBilling.UI.projitems*{c63f8f04-8548-4cdc-8a3f-c58a3278d0e1}*SharedItemsImports = 4
		RestaurantBilling.UI\RestaurantBilling.UI\RestaurantBilling.UI\RestaurantBilling.UI.projitems*{df6f13fd-4396-4742-9853-47465fc0a025}*SharedItemsImports = 4
	EndGlobalSection
	GlobalSection(SolutionConfigurationPlatforms) = preSolution
		Debug|Any CPU = Debug|Any CPU
		Debug|ARM = Debug|ARM
		Debug|iPhone = Debug|iPhone
		Debug|iPhoneSimulator = Debug|iPhoneSimulator
		Debug|x64 = Debug|x64
		Debug|x86 = Debug|x86
		Release|Any CPU = Release|Any CPU
		Release|ARM = Release|ARM
		Release|iPhone = Release|iPhone
		Release|iPhoneSimulator = Release|iPhoneSimulator
		Release|x64 = Release|x64
		Release|x86 = Release|x86
	EndGlobalSection
	GlobalSection(ProjectConfigurationPlatforms) = postSolution
		{D0E2068C-10AC-431D-86FB-5052ABB95A79}.Debug|Any CPU.ActiveCfg = Debug|Any CPU
		{D0E2068C-10AC-431D-86FB-5052ABB95A79}.Debug|Any CPU.Build.0 = Debug|Any CPU
		{D0E2068C-10AC-431D-86FB-5052ABB95A79}.Debug|ARM.ActiveCfg = Debug|Any CPU
		{D0E2068C-10AC-431D-86FB-5052ABB95A79}.Debug|ARM.Build.0 = Debug|Any CPU
		{D0E2068C-10AC-431D-86FB-5052ABB95A79}.Debug|iPhone.ActiveCfg = Debug|Any CPU
		{D0E2068C-10AC-431D-86FB-5052ABB95A79}.Debug|iPhone.Build.0 = Debug|Any CPU
		{D0E2068C-10AC-431D-86FB-5052ABB95A79}.Debug|iPhoneSimulator.ActiveCfg = Debug|Any CPU
		{D0E2068C-10AC-431D-86FB-5052ABB95A79}.Debug|iPhoneSimulator.Build.0 = Debug|Any CPU
		{D0E2068C-10AC-431D-86FB-5052ABB95A79}.Debug|x64.ActiveCfg = Debug|Any CPU
		{D0E2068C-10AC-431D-86FB-5052ABB95A79}.Debug|x64.Build.0 = Debug|Any CPU
		{D0E2068C-10AC-431D-86FB-5052ABB95A79}.Debug|x86.ActiveCfg = Debug|Any CPU
		{D0E2068C-10AC-431D-86FB-5052ABB95A79}.Debug|x86.Build.0 = Debug|Any CPU
		{D0E2068C-10AC-431D-86FB-5052ABB95A79}.Release|Any CPU.ActiveCfg = Release|Any CPU
		{D0E2068C-10AC-431D-86FB-5052ABB95A79}.Release|Any CPU.Build.0 = Release|Any CPU
		{D0E2068C-10AC-431D-86FB-5052ABB95A79}.Release|ARM.ActiveCfg = Release|Any CPU
		{D0E2068C-10AC-431D-86FB-5052ABB95A79}.Release|ARM.Build.0 = Release|Any CPU
		{D0E2068C-10AC-431D-86FB-5052ABB95A79}.Release|iPhone.ActiveCfg = Release|Any CPU
		{D0E2068C-10AC-431D-86FB-5052ABB95A79}.Release|iPhone.Build.0 = Release|Any CPU
		{D0E2068C-10AC-431D-86FB-5052ABB95A79}.Release|iPhoneSimulator.ActiveCfg = Release|Any CPU
		{D0E2068C-10AC-431D-86FB-5052ABB95A79}.Release|iPhoneSimulator.Build.0 = Release|Any CPU
		{D0E2068C-10AC-431D-86FB-5052ABB95A79}.Release|x64.ActiveCfg = Release|Any CPU
		{D0E2068C-10AC-431D-86FB-5052ABB95A79}.Release|x64.Build.0 = Release|Any CPU
		{D0E2068C-10AC-431D-86FB-5052ABB95A79}.Release|x86.ActiveCfg = Release|Any CPU
		{D0E2068C-10AC-431D-86FB-5052ABB95A79}.Release|x86.Build.0 = Release|Any CPU
		{DF6F13FD-4396-4742-9853-47465FC0A025}.Debug|Any CPU.ActiveCfg = Debug|Any CPU
		{DF6F13FD-4396-4742-9853-47465FC0A025}.Debug|Any CPU.Build.0 = Debug|Any CPU
		{DF6F13FD-4396-4742-9853-47465FC0A025}.Debug|Any CPU.Deploy.0 = Debug|Any CPU
		{DF6F13FD-4396-4742-9853-47465FC0A025}.Debug|ARM.ActiveCfg = Debug|Any CPU
		{DF6F13FD-4396-4742-9853-47465FC0A025}.Debug|ARM.Build.0 = Debug|Any CPU
		{DF6F13FD-4396-4742-9853-47465FC0A025}.Debug|ARM.Deploy.0 = Debug|Any CPU
		{DF6F13FD-4396-4742-9853-47465FC0A025}.Debug|iPhone.ActiveCfg = Debug|Any CPU
		{DF6F13FD-4396-4742-9853-47465FC0A025}.Debug|iPhone.Build.0 = Debug|Any CPU
		{DF6F13FD-4396-4742-9853-47465FC0A025}.Debug|iPhone.Deploy.0 = Debug|Any CPU
		{DF6F13FD-4396-4742-9853-47465FC0A025}.Debug|iPhoneSimulator.ActiveCfg = Debug|Any CPU
		{DF6F13FD-4396-4742-9853-47465FC0A025}.Debug|iPhoneSimulator.Build.0 = Debug|Any CPU
		{DF6F13FD-4396-4742-9853-47465FC0A025}.Debug|iPhoneSimulator.Deploy.0 = Debug|Any CPU
		{DF6F13FD-4396-4742-9853-47465FC0A025}.Debug|x64.ActiveCfg = Debug|Any CPU
		{DF6F13FD-4396-4742-9853-47465FC0A025}.Debug|x64.Build.0 = Debug|Any CPU
		{DF6F13FD-4396-4742-9853-47465FC0A025}.Debug|x64.Deploy.0 = Debug|Any CPU
		{DF6F13FD-4396-4742-9853-47465FC0A025}.Debug|x86.ActiveCfg = Debug|Any CPU
		{DF6F13FD-4396-4742-9853-47465FC0A025}.Debug|x86.Build.0 = Debug|Any CPU
		{DF6F13FD-4396-4742-9853-47465FC0A025}.Debug|x86.Deploy.0 = Debug|Any CPU
		{DF6F13FD-4396-4742-9853-47465FC0A025}.Release|Any CPU.ActiveCfg = Release|Any CPU
		{DF6F13FD-4396-4742-9853-47465FC0A025}.Release|Any CPU.Build.0 = Release|Any CPU
		{DF6F13FD-4396-4742-9853-47465FC0A025}.Release|Any CPU.Deploy.0 = Release|Any CPU
		{DF6F13FD-4396-4742-9853-47465FC0A025}.Release|ARM.ActiveCfg = Release|Any CPU
		{DF6F13FD-4396-4742-9853-47465FC0A025}.Release|ARM.Build.0 = Release|Any CPU
		{DF6F13FD-4396-4742-9853-47465FC0A025}.Release|ARM.Deploy.0 = Release|Any CPU
		{DF6F13FD-4396-4742-9853-47465FC0A025}.Release|iPhone.ActiveCfg = Release|Any CPU
		{DF6F13FD-4396-4742-9853-47465FC0A025}.Release|iPhone.Build.0 = Release|Any CPU
		{DF6F13FD-4396-4742-9853-47465FC0A025}.Release|iPhone.Deploy.0 = Release|Any CPU
		{DF6F13FD-4396-4742-9853-47465FC0A025}.Release|iPhoneSimulator.ActiveCfg = Release|Any CPU
		{DF6F13FD-4396-4742-9853-47465FC0A025}.Release|iPhoneSimulator.Build.0 = Release|Any CPU
		{DF6F13FD-4396-4742-9853-47465FC0A025}.Release|iPhoneSimulator.Deploy.0 = Release|Any CPU
		{DF6F13FD-4396-4742-9853-47465FC0A025}.Release|x64.ActiveCfg = Release|Any CPU
		{DF6F13FD-4396-4742-9853-47465FC0A025}.Release|x64.Build.0 = Release|Any CPU
		{DF6F13FD-4396-4742-9853-47465FC0A025}.Release|x64.Deploy.0 = Release|Any CPU
		{DF6F13FD-4396-4742-9853-47465FC0A025}.Release|x86.ActiveCfg = Release|Any CPU
		{DF6F13FD-4396-4742-9853-47465FC0A025}.Release|x86.Build.0 = Release|Any CPU
		{DF6F13FD-4396-4742-9853-47465FC0A025}.Release|x86.Deploy.0 = Release|Any CPU
		{0FFFBB7D-FF2B-4A1C-AEF6-212490C060DB}.Debug|Any CPU.ActiveCfg = Debug|iPhone
		{0FFFBB7D-FF2B-4A1C-AEF6-212490C060DB}.Debug|ARM.ActiveCfg = Debug|iPhone
		{0FFFBB7D-FF2B-4A1C-AEF6-212490C060DB}.Debug|iPhone.ActiveCfg = Debug|iPhone
		{0FFFBB7D-FF2B-4A1C-AEF6-212490C060DB}.Debug|iPhone.Build.0 = Debug|iPhone
		{0FFFBB7D-FF2B-4A1C-AEF6-212490C060DB}.Debug|iPhoneSimulator.ActiveCfg = Debug|iPhoneSimulator
		{0FFFBB7D-FF2B-4A1C-AEF6-212490C060DB}.Debug|iPhoneSimulator.Build.0 = Debug|iPhoneSimulator
		{0FFFBB7D-FF2B-4A1C-AEF6-212490C060DB}.Debug|x64.ActiveCfg = Debug|iPhone
		{0FFFBB7D-FF2B-4A1C-AEF6-212490C060DB}.Debug|x86.ActiveCfg = Debug|iPhone
		{0FFFBB7D-FF2B-4A1C-AEF6-212490C060DB}.Release|Any CPU.ActiveCfg = Release|iPhone
		{0FFFBB7D-FF2B-4A1C-AEF6-212490C060DB}.Release|ARM.ActiveCfg = Release|iPhone
		{0FFFBB7D-FF2B-4A1C-AEF6-212490C060DB}.Release|iPhone.ActiveCfg = Release|iPhone
		{0FFFBB7D-FF2B-4A1C-AEF6-212490C060DB}.Release|iPhone.Build.0 = Release|iPhone
		{0FFFBB7D-FF2B-4A1C-AEF6-212490C060DB}.Release|iPhoneSimulator.ActiveCfg = Release|iPhoneSimulator
		{0FFFBB7D-FF2B-4A1C-AEF6-212490C060DB}.Release|iPhoneSimulator.Build.0 = Release|iPhoneSimulator
		{0FFFBB7D-FF2B-4A1C-AEF6-212490C060DB}.Release|x64.ActiveCfg = Release|iPhone
		{0FFFBB7D-FF2B-4A1C-AEF6-212490C060DB}.Release|x86.ActiveCfg = Release|iPhone
		{C63F8F04-8548-4CDC-8A3F-C58A3278D0E1}.Debug|Any CPU.ActiveCfg = Debug|x86
		{C63F8F04-8548-4CDC-8A3F-C58A3278D0E1}.Debug|ARM.ActiveCfg = Debug|ARM
		{C63F8F04-8548-4CDC-8A3F-C58A3278D0E1}.Debug|ARM.Build.0 = Debug|ARM
		{C63F8F04-8548-4CDC-8A3F-C58A3278D0E1}.Debug|ARM.Deploy.0 = Debug|ARM
		{C63F8F04-8548-4CDC-8A3F-C58A3278D0E1}.Debug|iPhone.ActiveCfg = Debug|x86
		{C63F8F04-8548-4CDC-8A3F-C58A3278D0E1}.Debug|iPhoneSimulator.ActiveCfg = Debug|x86
		{C63F8F04-8548-4CDC-8A3F-C58A3278D0E1}.Debug|x64.ActiveCfg = Debug|x64
		{C63F8F04-8548-4CDC-8A3F-C58A3278D0E1}.Debug|x64.Build.0 = Debug|x64
		{C63F8F04-8548-4CDC-8A3F-C58A3278D0E1}.Debug|x64.Deploy.0 = Debug|x64
		{C63F8F04-8548-4CDC-8A3F-C58A3278D0E1}.Debug|x86.ActiveCfg = Debug|x86
		{C63F8F04-8548-4CDC-8A3F-C58A3278D0E1}.Debug|x86.Build.0 = Debug|x86
		{C63F8F04-8548-4CDC-8A3F-C58A3278D0E1}.Debug|x86.Deploy.0 = Debug|x86
		{C63F8F04-8548-4CDC-8A3F-C58A3278D0E1}.Release|Any CPU.ActiveCfg = Release|x86
		{C63F8F04-8548-4CDC-8A3F-C58A3278D0E1}.Release|ARM.ActiveCfg = Release|ARM
		{C63F8F04-8548-4CDC-8A3F-C58A3278D0E1}.Release|ARM.Build.0 = Release|ARM
		{C63F8F04-8548-4CDC-8A3F-C58A3278D0E1}.Release|ARM.Deploy.0 = Release|ARM
		{C63F8F04-8548-4CDC-8A3F-C58A3278D0E1}.Release|iPhone.ActiveCfg = Release|x86
		{C63F8F04-8548-4CDC-8A3F-C58A3278D0E1}.Release|iPhoneSimulator.ActiveCfg = Release|x86
		{C63F8F04-8548-4CDC-8A3F-C58A3278D0E1}.Release|x64.ActiveCfg = Release|x64
		{C63F8F04-8548-4CDC-8A3F-C58A3278D0E1}.Release|x64.Build.0 = Release|x64
		{C63F8F04-8548-4CDC-8A3F-C58A3278D0E1}.Release|x64.Deploy.0 = Release|x64
		{C63F8F04-8548-4CDC-8A3F-C58A3278D0E1}.Release|x86.ActiveCfg = Release|x86
		{C63F8F04-8548-4CDC-8A3F-C58A3278D0E1}.Release|x86.Build.0 = Release|x86
		{C63F8F04-8548-4CDC-8A3F-C58A3278D0E1}.Release|x86.Deploy.0 = Release|x86
	EndGlobalSection
	GlobalSection(SolutionProperties) = preSolution
		HideSolutionNode = FALSE
	EndGlobalSection
	GlobalSection(ExtensibilityGlobals) = postSolution
		SolutionGuid = {B489E187-4135-412D-B46C-D87473370E35}
	EndGlobalSection
EndGlobal
